
Microsoft Visual Studio Solution File, Format Version 12.00
# Visual Studio 2015
Project("{FAE04EC0-301F-11D3-BF4B-00C04F79EFBC}") = "Tanks! Complete.CSharp.Plugins", "Tanks! Complete.CSharp.Plugins.csproj", "{3E6FE200-9EB4-0AA8-D4A0-906CFC6F0FDC}"
EndProject
Project("{FAE04EC0-301F-11D3-BF4B-00C04F79EFBC}") = "Tanks! Complete.CSharp", "Tanks! Complete.CSharp.csproj", "{BD8253C7-8723-4D95-FD58-29B22AF4F069}"
EndProject
Project("{FAE04EC0-301F-11D3-BF4B-00C04F79EFBC}") = "Tanks! Complete.CSharp.Editor", "Tanks! Complete.CSharp.Editor.csproj", "{8EEB119E-8E50-AF15-AED9-7264253CAD9C}"
EndProject
Global
	GlobalSection(SolutionConfigurationPlatforms) = preSolution
		Debug|Any CPU = Debug|Any CPU
		Release|Any CPU = Release|Any CPU
	EndGlobalSection
	GlobalSection(ProjectConfigurationPlatforms) = postSolution
		{3E6FE200-9EB4-0AA8-D4A0-906CFC6F0FDC}.Debug|Any CPU.ActiveCfg = Debug|Any CPU
		{3E6FE200-9EB4-0AA8-D4A0-906CFC6F0FDC}.Debug|Any CPU.Build.0 = Debug|Any CPU
		{3E6FE200-9EB4-0AA8-D4A0-906CFC6F0FDC}.Release|Any CPU.ActiveCfg = Release|Any CPU
		{3E6FE200-9EB4-0AA8-D4A0-906CFC6F0FDC}.Release|Any CPU.Build.0 = Release|Any CPU
		{BD8253C7-8723-4D95-FD58-29B22AF4F069}.Debug|Any CPU.ActiveCfg = Debug|Any CPU
		{BD8253C7-8723-4D95-FD58-29B22AF4F069}.Debug|Any CPU.Build.0 = Debug|Any CPU
		{BD8253C7-8723-4D95-FD58-29B22AF4F069}.Release|Any CPU.ActiveCfg = Release|Any CPU
		{BD8253C7-8723-4D95-FD58-29B22AF4F069}.Release|Any CPU.Build.0 = Release|Any CPU
		{8EEB119E-8E50-AF15-AED9-7264253CAD9C}.Debug|Any CPU.ActiveCfg = Debug|Any CPU
		{8EEB119E-8E50-AF15-AED9-7264253CAD9C}.Debug|Any CPU.Build.0 = Debug|Any CPU
		{8EEB119E-8E50-AF15-AED9-7264253CAD9C}.Release|Any CPU.ActiveCfg = Release|Any CPU
		{8EEB119E-8E50-AF15-AED9-7264253CAD9C}.Release|Any CPU.Build.0 = Release|Any CPU
	EndGlobalSection
	GlobalSection(SolutionProperties) = preSolution
		HideSolutionNode = FALSE
	EndGlobalSection
EndGlobal
